// !$*UTF8*$!
{
	archiveVersion = 1;
	classes = {
	};
	objectVersion = 50;
	objects = {

/* Begin PBXBuildFile section */
		4CA0F624207D894700BF6748 /* AppDelegate.swift in Sources */ = {isa = PBXBuildFile; fileRef = 4CA0F623207D894700BF6748 /* AppDelegate.swift */; };
		4CA0F629207D894700BF6748 /* Main.storyboard in Resources */ = {isa = PBXBuildFile; fileRef = 4CA0F627207D894700BF6748 /* Main.storyboard */; };
		4CA0F62B207D894800BF6748 /* Assets.xcassets in Resources */ = {isa = PBXBuildFile; fileRef = 4CA0F62A207D894800BF6748 /* Assets.xcassets */; };
		4CA0F62E207D894800BF6748 /* LaunchScreen.storyboard in Resources */ = {isa = PBXBuildFile; fileRef = 4CA0F62C207D894800BF6748 /* LaunchScreen.storyboard */; };
		4CA0F639207D894800BF6748 /* Sports_EventsTests.swift in Sources */ = {isa = PBXBuildFile; fileRef = 4CA0F638207D894800BF6748 /* Sports_EventsTests.swift */; };
		4CA0F644207D894800BF6748 /* Sports_EventsUITests.swift in Sources */ = {isa = PBXBuildFile; fileRef = 4CA0F643207D894800BF6748 /* Sports_EventsUITests.swift */; };
		4CA0F659207D972400BF6748 /* sports_events.json in Resources */ = {isa = PBXBuildFile; fileRef = 4CA0F658207D972400BF6748 /* sports_events.json */; };
		4CA0F65B207D989200BF6748 /* Sport.swift in Sources */ = {isa = PBXBuildFile; fileRef = 4CA0F65A207D989200BF6748 /* Sport.swift */; };
		4CA0F65D207D9AA300BF6748 /* SportsEvent.swift in Sources */ = {isa = PBXBuildFile; fileRef = 4CA0F65C207D9AA300BF6748 /* SportsEvent.swift */; };
		4CA0F65F208033B400BF6748 /* SportsEventsJSONParser.swift in Sources */ = {isa = PBXBuildFile; fileRef = 4CA0F65E208033B400BF6748 /* SportsEventsJSONParser.swift */; };
		4CA0F66120803CE900BF6748 /* SportsEventsJSONLoader.swift in Sources */ = {isa = PBXBuildFile; fileRef = 4CA0F66020803CE900BF6748 /* SportsEventsJSONLoader.swift */; };
		4CA0F6632080743600BF6748 /* SportsEventViewController.swift in Sources */ = {isa = PBXBuildFile; fileRef = 4CA0F6622080743600BF6748 /* SportsEventViewController.swift */; };
		4CA0F6652080750A00BF6748 /* SportsEventDetailViewController.swift in Sources */ = {isa = PBXBuildFile; fileRef = 4CA0F6642080750A00BF6748 /* SportsEventDetailViewController.swift */; };
		4CA0F6672080836F00BF6748 /* SportsEventTableViewCell.swift in Sources */ = {isa = PBXBuildFile; fileRef = 4CA0F6662080836F00BF6748 /* SportsEventTableViewCell.swift */; };
/* End PBXBuildFile section */

/* Begin PBXContainerItemProxy section */
		4CA0F635207D894800BF6748 /* PBXContainerItemProxy */ = {
			isa = PBXContainerItemProxy;
			containerPortal = 4CA0F618207D894700BF6748 /* Project object */;
			proxyType = 1;
			remoteGlobalIDString = 4CA0F61F207D894700BF6748;
			remoteInfo = "Sports Events";
		};
		4CA0F640207D894800BF6748 /* PBXContainerItemProxy */ = {
			isa = PBXContainerItemProxy;
			containerPortal = 4CA0F618207D894700BF6748 /* Project object */;
			proxyType = 1;
			remoteGlobalIDString = 4CA0F61F207D894700BF6748;
			remoteInfo = "Sports Events";
		};
/* End PBXContainerItemProxy section */

/* Begin PBXFileReference section */
		4CA0F620207D894700BF6748 /* Sports Events.app */ = {isa = PBXFileReference; explicitFileType = wrapper.application; includeInIndex = 0; path = "Sports Events.app"; sourceTree = BUILT_PRODUCTS_DIR; };
		4CA0F623207D894700BF6748 /* AppDelegate.swift */ = {isa = PBXFileReference; lastKnownFileType = sourcecode.swift; path = AppDelegate.swift; sourceTree = "<group>"; };
		4CA0F628207D894700BF6748 /* Base */ = {isa = PBXFileReference; lastKnownFileType = file.storyboard; name = Base; path = Base.lproj/Main.storyboard; sourceTree = "<group>"; };
		4CA0F62A207D894800BF6748 /* Assets.xcassets */ = {isa = PBXFileReference; lastKnownFileType = folder.assetcatalog; path = Assets.xcassets; sourceTree = "<group>"; };
		4CA0F62D207D894800BF6748 /* Base */ = {isa = PBXFileReference; lastKnownFileType = file.storyboard; name = Base; path = Base.lproj/LaunchScreen.storyboard; sourceTree = "<group>"; };
		4CA0F62F207D894800BF6748 /* Info.plist */ = {isa = PBXFileReference; lastKnownFileType = text.plist.xml; path = Info.plist; sourceTree = "<group>"; };
		4CA0F634207D894800BF6748 /* Sports EventsTests.xctest */ = {isa = PBXFileReference; explicitFileType = wrapper.cfbundle; includeInIndex = 0; path = "Sports EventsTests.xctest"; sourceTree = BUILT_PRODUCTS_DIR; };
		4CA0F638207D894800BF6748 /* Sports_EventsTests.swift */ = {isa = PBXFileReference; lastKnownFileType = sourcecode.swift; path = Sports_EventsTests.swift; sourceTree = "<group>"; };
		4CA0F63A207D894800BF6748 /* Info.plist */ = {isa = PBXFileReference; lastKnownFileType = text.plist.xml; path = Info.plist; sourceTree = "<group>"; };
		4CA0F63F207D894800BF6748 /* Sports EventsUITests.xctest */ = {isa = PBXFileReference; explicitFileType = wrapper.cfbundle; includeInIndex = 0; path = "Sports EventsUITests.xctest"; sourceTree = BUILT_PRODUCTS_DIR; };
		4CA0F643207D894800BF6748 /* Sports_EventsUITests.swift */ = {isa = PBXFileReference; lastKnownFileType = sourcecode.swift; path = Sports_EventsUITests.swift; sourceTree = "<group>"; };
		4CA0F645207D894900BF6748 /* Info.plist */ = {isa = PBXFileReference; lastKnownFileType = text.plist.xml; path = Info.plist; sourceTree = "<group>"; };
		4CA0F658207D972400BF6748 /* sports_events.json */ = {isa = PBXFileReference; fileEncoding = 4; lastKnownFileType = text.json; path = sports_events.json; sourceTree = "<group>"; };
		4CA0F65A207D989200BF6748 /* Sport.swift */ = {isa = PBXFileReference; lastKnownFileType = sourcecode.swift; path = Sport.swift; sourceTree = "<group>"; };
		4CA0F65C207D9AA300BF6748 /* SportsEvent.swift */ = {isa = PBXFileReference; lastKnownFileType = sourcecode.swift; path = SportsEvent.swift; sourceTree = "<group>"; };
		4CA0F65E208033B400BF6748 /* SportsEventsJSONParser.swift */ = {isa = PBXFileReference; lastKnownFileType = sourcecode.swift; path = SportsEventsJSONParser.swift; sourceTree = "<group>"; };
		4CA0F66020803CE900BF6748 /* SportsEventsJSONLoader.swift */ = {isa = PBXFileReference; lastKnownFileType = sourcecode.swift; path = SportsEventsJSONLoader.swift; sourceTree = "<group>"; };
		4CA0F6622080743600BF6748 /* SportsEventViewController.swift */ = {isa = PBXFileReference; lastKnownFileType = sourcecode.swift; path = SportsEventViewController.swift; sourceTree = "<group>"; };
		4CA0F6642080750A00BF6748 /* SportsEventDetailViewController.swift */ = {isa = PBXFileReference; lastKnownFileType = sourcecode.swift; path = SportsEventDetailViewController.swift; sourceTree = "<group>"; };
		4CA0F6662080836F00BF6748 /* SportsEventTableViewCell.swift */ = {isa = PBXFileReference; lastKnownFileType = sourcecode.swift; path = SportsEventTableViewCell.swift; sourceTree = "<group>"; };
/* End PBXFileReference section */

/* Begin PBXFrameworksBuildPhase section */
		4CA0F61D207D894700BF6748 /* Frameworks */ = {
			isa = PBXFrameworksBuildPhase;
			buildActionMask = 2147483647;
			files = (
			);
			runOnlyForDeploymentPostprocessing = 0;
		};
		4CA0F631207D894800BF6748 /* Frameworks */ = {
			isa = PBXFrameworksBuildPhase;
			buildActionMask = 2147483647;
			files = (
			);
			runOnlyForDeploymentPostprocessing = 0;
		};
		4CA0F63C207D894800BF6748 /* Frameworks */ = {
			isa = PBXFrameworksBuildPhase;
			buildActionMask = 2147483647;
			files = (
			);
			runOnlyForDeploymentPostprocessing = 0;
		};
/* End PBXFrameworksBuildPhase section */

/* Begin PBXGroup section */
		4CA0F617207D894700BF6748 = {
			isa = PBXGroup;
			children = (
				4CA0F622207D894700BF6748 /* Sports Events */,
				4CA0F637207D894800BF6748 /* Sports EventsTests */,
				4CA0F642207D894800BF6748 /* Sports EventsUITests */,
				4CA0F621207D894700BF6748 /* Products */,
			);
			sourceTree = "<group>";
		};
		4CA0F621207D894700BF6748 /* Products */ = {
			isa = PBXGroup;
			children = (
				4CA0F620207D894700BF6748 /* Sports Events.app */,
				4CA0F634207D894800BF6748 /* Sports EventsTests.xctest */,
				4CA0F63F207D894800BF6748 /* Sports EventsUITests.xctest */,
			);
			name = Products;
			sourceTree = "<group>";
		};
		4CA0F622207D894700BF6748 /* Sports Events */ = {
			isa = PBXGroup;
			children = (
				4CA0F651207D911200BF6748 /* Model */,
				4CA0F623207D894700BF6748 /* AppDelegate.swift */,
				4CA0F627207D894700BF6748 /* Main.storyboard */,
				4CA0F62A207D894800BF6748 /* Assets.xcassets */,
				4CA0F62C207D894800BF6748 /* LaunchScreen.storyboard */,
				4CA0F62F207D894800BF6748 /* Info.plist */,
				4CA0F6622080743600BF6748 /* SportsEventViewController.swift */,
				4CA0F6642080750A00BF6748 /* SportsEventDetailViewController.swift */,
				4CA0F6662080836F00BF6748 /* SportsEventTableViewCell.swift */,
			);
			path = "Sports Events";
			sourceTree = "<group>";
		};
		4CA0F637207D894800BF6748 /* Sports EventsTests */ = {
			isa = PBXGroup;
			children = (
				4CA0F638207D894800BF6748 /* Sports_EventsTests.swift */,
				4CA0F63A207D894800BF6748 /* Info.plist */,
			);
			path = "Sports EventsTests";
			sourceTree = "<group>";
		};
		4CA0F642207D894800BF6748 /* Sports EventsUITests */ = {
			isa = PBXGroup;
			children = (
				4CA0F643207D894800BF6748 /* Sports_EventsUITests.swift */,
				4CA0F645207D894900BF6748 /* Info.plist */,
			);
			path = "Sports EventsUITests";
			sourceTree = "<group>";
		};
		4CA0F651207D911200BF6748 /* Model */ = {
			isa = PBXGroup;
			children = (
				4CA0F658207D972400BF6748 /* sports_events.json */,
				4CA0F65A207D989200BF6748 /* Sport.swift */,
				4CA0F65C207D9AA300BF6748 /* SportsEvent.swift */,
				4CA0F65E208033B400BF6748 /* SportsEventsJSONParser.swift */,
				4CA0F66020803CE900BF6748 /* SportsEventsJSONLoader.swift */,
			);
			path = Model;
			sourceTree = "<group>";
		};
/* End PBXGroup section */

/* Begin PBXNativeTarget section */
		4CA0F61F207D894700BF6748 /* Sports Events */ = {
			isa = PBXNativeTarget;
			buildConfigurationList = 4CA0F648207D894900BF6748 /* Build configuration list for PBXNativeTarget "Sports Events" */;
			buildPhases = (
				4CA0F61C207D894700BF6748 /* Sources */,
				4CA0F61D207D894700BF6748 /* Frameworks */,
				4CA0F61E207D894700BF6748 /* Resources */,
			);
			buildRules = (
			);
			dependencies = (
			);
			name = "Sports Events";
			productName = "Sports Events";
			productReference = 4CA0F620207D894700BF6748 /* Sports Events.app */;
			productType = "com.apple.product-type.application";
		};
		4CA0F633207D894800BF6748 /* Sports EventsTests */ = {
			isa = PBXNativeTarget;
			buildConfigurationList = 4CA0F64B207D894900BF6748 /* Build configuration list for PBXNativeTarget "Sports EventsTests" */;
			buildPhases = (
				4CA0F630207D894800BF6748 /* Sources */,
				4CA0F631207D894800BF6748 /* Frameworks */,
				4CA0F632207D894800BF6748 /* Resources */,
			);
			buildRules = (
			);
			dependencies = (
				4CA0F636207D894800BF6748 /* PBXTargetDependency */,
			);
			name = "Sports EventsTests";
			productName = "Sports EventsTests";
			productReference = 4CA0F634207D894800BF6748 /* Sports EventsTests.xctest */;
			productType = "com.apple.product-type.bundle.unit-test";
		};
		4CA0F63E207D894800BF6748 /* Sports EventsUITests */ = {
			isa = PBXNativeTarget;
			buildConfigurationList = 4CA0F64E207D894900BF6748 /* Build configuration list for PBXNativeTarget "Sports EventsUITests" */;
			buildPhases = (
				4CA0F63B207D894800BF6748 /* Sources */,
				4CA0F63C207D894800BF6748 /* Frameworks */,
				4CA0F63D207D894800BF6748 /* Resources */,
			);
			buildRules = (
			);
			dependencies = (
				4CA0F641207D894800BF6748 /* PBXTargetDependency */,
			);
			name = "Sports EventsUITests";
			productName = "Sports EventsUITests";
			productReference = 4CA0F63F207D894800BF6748 /* Sports EventsUITests.xctest */;
			productType = "com.apple.product-type.bundle.ui-testing";
		};
/* End PBXNativeTarget section */

/* Begin PBXProject section */
		4CA0F618207D894700BF6748 /* Project object */ = {
			isa = PBXProject;
			attributes = {
				LastSwiftUpdateCheck = 0930;
				LastUpgradeCheck = 0930;
				ORGANIZATIONNAME = "Brian Robinson";
				TargetAttributes = {
					4CA0F61F207D894700BF6748 = {
						CreatedOnToolsVersion = 9.3;
					};
					4CA0F633207D894800BF6748 = {
						CreatedOnToolsVersion = 9.3;
						TestTargetID = 4CA0F61F207D894700BF6748;
					};
					4CA0F63E207D894800BF6748 = {
						CreatedOnToolsVersion = 9.3;
						TestTargetID = 4CA0F61F207D894700BF6748;
					};
				};
			};
			buildConfigurationList = 4CA0F61B207D894700BF6748 /* Build configuration list for PBXProject "Sports Events" */;
			compatibilityVersion = "Xcode 9.3";
			developmentRegion = en;
			hasScannedForEncodings = 0;
			knownRegions = (
				en,
				Base,
			);
			mainGroup = 4CA0F617207D894700BF6748;
			productRefGroup = 4CA0F621207D894700BF6748 /* Products */;
			projectDirPath = "";
			projectRoot = "";
			targets = (
				4CA0F61F207D894700BF6748 /* Sports Events */,
				4CA0F633207D894800BF6748 /* Sports EventsTests */,
				4CA0F63E207D894800BF6748 /* Sports EventsUITests */,
			);
		};
/* End PBXProject section */

/* Begin PBXResourcesBuildPhase section */
		4CA0F61E207D894700BF6748 /* Resources */ = {
			isa = PBXResourcesBuildPhase;
			buildActionMask = 2147483647;
			files = (
				4CA0F62E207D894800BF6748 /* LaunchScreen.storyboard in Resources */,
				4CA0F659207D972400BF6748 /* sports_events.json in Resources */,
				4CA0F62B207D894800BF6748 /* Assets.xcassets in Resources */,
				4CA0F629207D894700BF6748 /* Main.storyboard in Resources */,
			);
			runOnlyForDeploymentPostprocessing = 0;
		};
		4CA0F632207D894800BF6748 /* Resources */ = {
			isa = PBXResourcesBuildPhase;
			buildActionMask = 2147483647;
			files = (
			);
			runOnlyForDeploymentPostprocessing = 0;
		};
		4CA0F63D207D894800BF6748 /* Resources */ = {
			isa = PBXResourcesBuildPhase;
			buildActionMask = 2147483647;
			files = (
			);
			runOnlyForDeploymentPostprocessing = 0;
		};
/* End PBXResourcesBuildPhase section */

/* Begin PBXSourcesBuildPhase section */
		4CA0F61C207D894700BF6748 /* Sources */ = {
			isa = PBXSourcesBuildPhase;
			buildActionMask = 2147483647;
			files = (
				4CA0F6652080750A00BF6748 /* SportsEventDetailViewController.swift in Sources */,
				4CA0F6672080836F00BF6748 /* SportsEventTableViewCell.swift in Sources */,
				4CA0F65B207D989200BF6748 /* Sport.swift in Sources */,
				4CA0F624207D894700BF6748 /* AppDelegate.swift in Sources */,
				4CA0F6632080743600BF6748 /* SportsEventViewController.swift in Sources */,
				4CA0F65F208033B400BF6748 /* SportsEventsJSONParser.swift in Sources */,
				4CA0F66120803CE900BF6748 /* SportsEventsJSONLoader.swift in Sources */,
				4CA0F65D207D9AA300BF6748 /* SportsEvent.swift in Sources */,
			);
			runOnlyForDeploymentPostprocessing = 0;
		};
		4CA0F630207D894800BF6748 /* Sources */ = {
			isa = PBXSourcesBuildPhase;
			buildActionMask = 2147483647;
			files = (
				4CA0F639207D894800BF6748 /* Sports_EventsTests.swift in Sources */,
			);
			runOnlyForDeploymentPostprocessing = 0;
		};
		4CA0F63B207D894800BF6748 /* Sources */ = {
			isa = PBXSourcesBuildPhase;
			buildActionMask = 2147483647;
			files = (
				4CA0F644207D894800BF6748 /* Sports_EventsUITests.swift in Sources */,
			);
			runOnlyForDeploymentPostprocessing = 0;
		};
/* End PBXSourcesBuildPhase section */

/* Begin PBXTargetDependency section */
		4CA0F636207D894800BF6748 /* PBXTargetDependency */ = {
			isa = PBXTargetDependency;
			target = 4CA0F61F207D894700BF6748 /* Sports Events */;
			targetProxy = 4CA0F635207D894800BF6748 /* PBXContainerItemProxy */;
		};
		4CA0F641207D894800BF6748 /* PBXTargetDependency */ = {
			isa = PBXTargetDependency;
			target = 4CA0F61F207D894700BF6748 /* Sports Events */;
			targetProxy = 4CA0F640207D894800BF6748 /* PBXContainerItemProxy */;
		};
/* End PBXTargetDependency section */

/* Begin PBXVariantGroup section */
		4CA0F627207D894700BF6748 /* Main.storyboard */ = {
			isa = PBXVariantGroup;
			children = (
				4CA0F628207D894700BF6748 /* Base */,
			);
			name = Main.storyboard;
			sourceTree = "<group>";
		};
		4CA0F62C207D894800BF6748 /* LaunchScreen.storyboard */ = {
			isa = PBXVariantGroup;
			children = (
				4CA0F62D207D894800BF6748 /* Base */,
			);
			name = LaunchScreen.storyboard;
			sourceTree = "<group>";
		};
/* End PBXVariantGroup section */

/* Begin XCBuildConfiguration section */
		4CA0F646207D894900BF6748 /* Debug */ = {
			isa = XCBuildConfiguration;
			buildSettings = {
				ALWAYS_SEARCH_USER_PATHS = NO;
				CLANG_ANALYZER_NONNULL = YES;
				CLANG_ANALYZER_NUMBER_OBJECT_CONVERSION = YES_AGGRESSIVE;
				CLANG_CXX_LANGUAGE_STANDARD = "gnu++14";
				CLANG_CXX_LIBRARY = "libc++";
				CLANG_ENABLE_MODULES = YES;
				CLANG_ENABLE_OBJC_ARC = YES;
				CLANG_ENABLE_OBJC_WEAK = YES;
				CLANG_WARN_BLOCK_CAPTURE_AUTORELEASING = YES;
				CLANG_WARN_BOOL_CONVERSION = YES;
				CLANG_WARN_COMMA = YES;
				CLANG_WARN_CONSTANT_CONVERSION = YES;
				CLANG_WARN_DEPRECATED_OBJC_IMPLEMENTATIONS = YES;
				CLANG_WARN_DIRECT_OBJC_ISA_USAGE = YES_ERROR;
				CLANG_WARN_DOCUMENTATION_COMMENTS = YES;
				CLANG_WARN_EMPTY_BODY = YES;
				CLANG_WARN_ENUM_CONVERSION = YES;
				CLANG_WARN_INFINITE_RECURSION = YES;
				CLANG_WARN_INT_CONVERSION = YES;
				CLANG_WARN_NON_LITERAL_NULL_CONVERSION = YES;
				CLANG_WARN_OBJC_IMPLICIT_RETAIN_SELF = YES;
				CLANG_WARN_OBJC_LITERAL_CONVERSION = YES;
				CLANG_WARN_OBJC_ROOT_CLASS = YES_ERROR;
				CLANG_WARN_RANGE_LOOP_ANALYSIS = YES;
				CLANG_WARN_STRICT_PROTOTYPES = YES;
				CLANG_WARN_SUSPICIOUS_MOVE = YES;
				CLANG_WARN_UNGUARDED_AVAILABILITY = YES_AGGRESSIVE;
				CLANG_WARN_UNREACHABLE_CODE = YES;
				CLANG_WARN__DUPLICATE_METHOD_MATCH = YES;
				CODE_SIGN_IDENTITY = "iPhone Developer";
				COPY_PHASE_STRIP = NO;
				DEBUG_INFORMATION_FORMAT = dwarf;
				ENABLE_STRICT_OBJC_MSGSEND = YES;
				ENABLE_TESTABILITY = YES;
				GCC_C_LANGUAGE_STANDARD = gnu11;
				GCC_DYNAMIC_NO_PIC = NO;
				GCC_NO_COMMON_BLOCKS = YES;
				GCC_OPTIMIZATION_LEVEL = 0;
				GCC_PREPROCESSOR_DEFINITIONS = (
					"DEBUG=1",
					"$(inherited)",
				);
				GCC_WARN_64_TO_32_BIT_CONVERSION = YES;
				GCC_WARN_ABOUT_RETURN_TYPE = YES_ERROR;
				GCC_WARN_UNDECLARED_SELECTOR = YES;
				GCC_WARN_UNINITIALIZED_AUTOS = YES_AGGRESSIVE;
				GCC_WARN_UNUSED_FUNCTION = YES;
				GCC_WARN_UNUSED_VARIABLE = YES;
				IPHONEOS_DEPLOYMENT_TARGET = 11.3;
				MTL_ENABLE_DEBUG_INFO = YES;
				ONLY_ACTIVE_ARCH = YES;
				SDKROOT = iphoneos;
				SWIFT_ACTIVE_COMPILATION_CONDITIONS = DEBUG;
				SWIFT_OPTIMIZATION_LEVEL = "-Onone";
			};
			name = Debug;
		};
		4CA0F647207D894900BF6748 /* Release */ = {
			isa = XCBuildConfiguration;
			buildSettings = {
				ALWAYS_SEARCH_USER_PATHS = NO;
				CLANG_ANALYZER_NONNULL = YES;
				CLANG_ANALYZER_NUMBER_OBJECT_CONVERSION = YES_AGGRESSIVE;
				CLANG_CXX_LANGUAGE_STANDARD = "gnu++14";
				CLANG_CXX_LIBRARY = "libc++";
				CLANG_ENABLE_MODULES = YES;
				CLANG_ENABLE_OBJC_ARC = YES;
				CLANG_ENABLE_OBJC_WEAK = YES;
				CLANG_WARN_BLOCK_CAPTURE_AUTORELEASING = YES;
				CLANG_WARN_BOOL_CONVERSION = YES;
				CLANG_WARN_COMMA = YES;
				CLANG_WARN_CONSTANT_CONVERSION = YES;
				CLANG_WARN_DEPRECATED_OBJC_IMPLEMENTATIONS = YES;
				CLANG_WARN_DIRECT_OBJC_ISA_USAGE = YES_ERROR;
				CLANG_WARN_DOCUMENTATION_COMMENTS = YES;
				CLANG_WARN_EMPTY_BODY = YES;
				CLANG_WARN_ENUM_CONVERSION = YES;
				CLANG_WARN_INFINITE_RECURSION = YES;
				CLANG_WARN_INT_CONVERSION = YES;
				CLANG_WARN_NON_LITERAL_NULL_CONVERSION = YES;
				CLANG_WARN_OBJC_IMPLICIT_RETAIN_SELF = YES;
				CLANG_WARN_OBJC_LITERAL_CONVERSION = YES;
				CLANG_WARN_OBJC_ROOT_CLASS = YES_ERROR;
				CLANG_WARN_RANGE_LOOP_ANALYSIS = YES;
				CLANG_WARN_STRICT_PROTOTYPES = YES;
				CLANG_WARN_SUSPICIOUS_MOVE = YES;
				CLANG_WARN_UNGUARDED_AVAILABILITY = YES_AGGRESSIVE;
				CLANG_WARN_UNREACHABLE_CODE = YES;
				CLANG_WARN__DUPLICATE_METHOD_MATCH = YES;
				CODE_SIGN_IDENTITY = "iPhone Developer";
				COPY_PHASE_STRIP = NO;
				DEBUG_INFORMATION_FORMAT = "dwarf-with-dsym";
				ENABLE_NS_ASSERTIONS = NO;
				ENABLE_STRICT_OBJC_MSGSEND = YES;
				GCC_C_LANGUAGE_STANDARD = gnu11;
				GCC_NO_COMMON_BLOCKS = YES;
				GCC_WARN_64_TO_32_BIT_CONVERSION = YES;
				GCC_WARN_ABOUT_RETURN_TYPE = YES_ERROR;
				GCC_WARN_UNDECLARED_SELECTOR = YES;
				GCC_WARN_UNINITIALIZED_AUTOS = YES_AGGRESSIVE;
				GCC_WARN_UNUSED_FUNCTION = YES;
				GCC_WARN_UNUSED_VARIABLE = YES;
				IPHONEOS_DEPLOYMENT_TARGET = 11.3;
				MTL_ENABLE_DEBUG_INFO = NO;
				SDKROOT = iphoneos;
				SWIFT_COMPILATION_MODE = wholemodule;
				SWIFT_OPTIMIZATION_LEVEL = "-O";
				VALIDATE_PRODUCT = YES;
			};
			name = Release;
		};
		4CA0F649207D894900BF6748 /* Debug */ = {
			isa = XCBuildConfiguration;
			buildSettings = {
				ASSETCATALOG_COMPILER_APPICON_NAME = AppIcon;
				CODE_SIGN_STYLE = Automatic;
				DEVELOPMENT_TEAM = QE4V2DLSE5;
				INFOPLIST_FILE = "Sports Events/Info.plist";
				LD_RUNPATH_SEARCH_PATHS = (
					"$(inherited)",
					"@executable_path/Frameworks",
				);
				PRODUCT_BUNDLE_IDENTIFIER = "Brian-Robinson.Sports-Events";
				PRODUCT_NAME = "$(TARGET_NAME)";
				SWIFT_VERSION = 4.0;
				TARGETED_DEVICE_FAMILY = "1,2";
			};
			name = Debug;
		};
		4CA0F64A207D894900BF6748 /* Release */ = {
			isa = XCBuildConfiguration;
			buildSettings = {
				ASSETCATALOG_COMPILER_APPICON_NAME = AppIcon;
				CODE_SIGN_STYLE = Automatic;
				DEVELOPMENT_TEAM = QE4V2DLSE5;
				INFOPLIST_FILE = "Sports Events/Info.plist";
				LD_RUNPATH_SEARCH_PATHS = (
					"$(inherited)",
					"@executable_path/Frameworks",
				);
				PRODUCT_BUNDLE_IDENTIFIER = "Brian-Robinson.Sports-Events";
				PRODUCT_NAME = "$(TARGET_NAME)";
				SWIFT_VERSION = 4.0;
				TARGETED_DEVICE_FAMILY = "1,2";
			};
			name = Release;
		};
		4CA0F64C207D894900BF6748 /* Debug */ = {
			isa = XCBuildConfiguration;
			buildSettings = {
				ALWAYS_EMBED_SWIFT_STANDARD_LIBRARIES = YES;
				BUNDLE_LOADER = "$(TEST_HOST)";
				CODE_SIGN_STYLE = Automatic;
				DEVELOPMENT_TEAM = QE4V2DLSE5;
				INFOPLIST_FILE = "Sports EventsTests/Info.plist";
				LD_RUNPATH_SEARCH_PATHS = (
					"$(inherited)",
					"@executable_path/Frameworks",
					"@loader_path/Frameworks",
				);
				PRODUCT_BUNDLE_IDENTIFIER = "Brian-Robinson.Sports-EventsTests";
				PRODUCT_NAME = "$(TARGET_NAME)";
				SWIFT_VERSION = 4.0;
				TARGETED_DEVICE_FAMILY = "1,2";
				TEST_HOST = "$(BUILT_PRODUCTS_DIR)/Sports Events.app/Sports Events";
			};
			name = Debug;
		};
		4CA0F64D207D894900BF6748 /* Release */ = {
			isa = XCBuildConfiguration;
			buildSettings = {
				ALWAYS_EMBED_SWIFT_STANDARD_LIBRARIES = YES;
				BUNDLE_LOADER = "$(TEST_HOST)";
				CODE_SIGN_STYLE = Automatic;
				DEVELOPMENT_TEAM = QE4V2DLSE5;
				INFOPLIST_FILE = "Sports EventsTests/Info.plist";
				LD_RUNPATH_SEARCH_PATHS = (
					"$(inherited)",
					"@executable_path/Frameworks",
					"@loader_path/Frameworks",
				);
				PRODUCT_BUNDLE_IDENTIFIER = "Brian-Robinson.Sports-EventsTests";
				PRODUCT_NAME = "$(TARGET_NAME)";
				SWIFT_VERSION = 4.0;
				TARGETED_DEVICE_FAMILY = "1,2";
				TEST_HOST = "$(BUILT_PRODUCTS_DIR)/Sports Events.app/Sports Events";
			};
			name = Release;
		};
		4CA0F64F207D894900BF6748 /* Debug */ = {
			isa = XCBuildConfiguration;
			buildSettings = {
				ALWAYS_EMBED_SWIFT_STANDARD_LIBRARIES = YES;
				CODE_SIGN_STYLE = Automatic;
				DEVELOPMENT_TEAM = QE4V2DLSE5;
				INFOPLIST_FILE = "Sports EventsUITests/Info.plist";
				LD_RUNPATH_SEARCH_PATHS = (
					"$(inherited)",
					"@executable_path/Frameworks",
					"@loader_path/Frameworks",
				);
				PRODUCT_BUNDLE_IDENTIFIER = "Brian-Robinson.Sports-EventsUITests";
				PRODUCT_NAME = "$(TARGET_NAME)";
				SWIFT_VERSION = 4.0;
				TARGETED_DEVICE_FAMILY = "1,2";
				TEST_TARGET_NAME = "Sports Events";
			};
			name = Debug;
		};
		4CA0F650207D894900BF6748 /* Release */ = {
			isa = XCBuildConfiguration;
			buildSettings = {
				ALWAYS_EMBED_SWIFT_STANDARD_LIBRARIES = YES;
				CODE_SIGN_STYLE = Automatic;
				DEVELOPMENT_TEAM = QE4V2DLSE5;
				INFOPLIST_FILE = "Sports EventsUITests/Info.plist";
				LD_RUNPATH_SEARCH_PATHS = (
					"$(inherited)",
					"@executable_path/Frameworks",
					"@loader_path/Frameworks",
				);
				PRODUCT_BUNDLE_IDENTIFIER = "Brian-Robinson.Sports-EventsUITests";
				PRODUCT_NAME = "$(TARGET_NAME)";
				SWIFT_VERSION = 4.0;
				TARGETED_DEVICE_FAMILY = "1,2";
				TEST_TARGET_NAME = "Sports Events";
			};
			name = Release;
		};
/* End XCBuildConfiguration section */

/* Begin XCConfigurationList section */
		4CA0F61B207D894700BF6748 /* Build configuration list for PBXProject "Sports Events" */ = {
			isa = XCConfigurationList;
			buildConfigurations = (
				4CA0F646207D894900BF6748 /* Debug */,
				4CA0F647207D894900BF6748 /* Release */,
			);
			defaultConfigurationIsVisible = 0;
			defaultConfigurationName = Release;
		};
		4CA0F648207D894900BF6748 /* Build configuration list for PBXNativeTarget "Sports Events" */ = {
			isa = XCConfigurationList;
			buildConfigurations = (
				4CA0F649207D894900BF6748 /* Debug */,
				4CA0F64A207D894900BF6748 /* Release */,
			);
			defaultConfigurationIsVisible = 0;
			defaultConfigurationName = Release;
		};
		4CA0F64B207D894900BF6748 /* Build configuration list for PBXNativeTarget "Sports EventsTests" */ = {
			isa = XCConfigurationList;
			buildConfigurations = (
				4CA0F64C207D894900BF6748 /* Debug */,
				4CA0F64D207D894900BF6748 /* Release */,
			);
			defaultConfigurationIsVisible = 0;
			defaultConfigurationName = Release;
		};
		4CA0F64E207D894900BF6748 /* Build configuration list for PBXNativeTarget "Sports EventsUITests" */ = {
			isa = XCConfigurationList;
			buildConfigurations = (
				4CA0F64F207D894900BF6748 /* Debug */,
				4CA0F650207D894900BF6748 /* Release */,
			);
			defaultConfigurationIsVisible = 0;
			defaultConfigurationName = Release;
		};
/* End XCConfigurationList section */
	};
	rootObject = 4CA0F618207D894700BF6748 /* Project object */;
}
